
Microsoft Visual Studio Solution File, Format Version 12.00
# Visual Studio 15
VisualStudioVersion = 15.0.27428.1
MinimumVisualStudioVersion = 10.0.40219.1
Project("{FAE04EC0-301F-11D3-BF4B-00C04F79EFBC}") = "Lab_6_PropsClasses", "Lab_6_PropsClasses\Lab_6_PropsClasses.csproj", "{77E66C7D-FE35-4108-809A-6C30BCADE732}"
EndProject
Project("{FAE04EC0-301F-11D3-BF4B-00C04F79EFBC}") = "ToolsCSharp", "FrameworkLibrary\ToolsCSharp\ToolsCSharp.csproj", "{7F06622A-845C-4B38-9E3F-521189851BBD}"
EndProject
Project("{FAE04EC0-301F-11D3-BF4B-00C04F79EFBC}") = "Lab_6_Tests", "Lab_6_Tests\Lab_6_Tests.csproj", "{A4E95553-6F35-421C-865F-2CB0E86D8834}"
EndProject
Project("{FAE04EC0-301F-11D3-BF4B-00C04F79EFBC}") = "Lab_6_DBClasses", "Lab_6_DBClasses\Lab_6_DBClasses.csproj", "{49A13502-FA0E-4AE7-95B4-65E7822045AD}"
EndProject
Project("{FAE04EC0-301F-11D3-BF4B-00C04F79EFBC}") = "Lab6Classes", "Lab6Classes\Lab6Classes.csproj", "{077AE97E-8FC6-43CC-866D-24203CDD2A3D}"
EndProject
Global
	GlobalSection(SolutionConfigurationPlatforms) = preSolution
		Debug|Any CPU = Debug|Any CPU
		Release|Any CPU = Release|Any CPU
	EndGlobalSection
	GlobalSection(ProjectConfigurationPlatforms) = postSolution
		{77E66C7D-FE35-4108-809A-6C30BCADE732}.Debug|Any CPU.ActiveCfg = Debug|Any CPU
		{77E66C7D-FE35-4108-809A-6C30BCADE732}.Debug|Any CPU.Build.0 = Debug|Any CPU
		{77E66C7D-FE35-4108-809A-6C30BCADE732}.Release|Any CPU.ActiveCfg = Release|Any CPU
		{77E66C7D-FE35-4108-809A-6C30BCADE732}.Release|Any CPU.Build.0 = Release|Any CPU
		{7F06622A-845C-4B38-9E3F-521189851BBD}.Debug|Any CPU.ActiveCfg = Debug|Any CPU
		{7F06622A-845C-4B38-9E3F-521189851BBD}.Debug|Any CPU.Build.0 = Debug|Any CPU
		{7F06622A-845C-4B38-9E3F-521189851BBD}.Release|Any CPU.ActiveCfg = Release|Any CPU
		{7F06622A-845C-4B38-9E3F-521189851BBD}.Release|Any CPU.Build.0 = Release|Any CPU
		{A4E95553-6F35-421C-865F-2CB0E86D8834}.Debug|Any CPU.ActiveCfg = Debug|Any CPU
		{A4E95553-6F35-421C-865F-2CB0E86D8834}.Debug|Any CPU.Build.0 = Debug|Any CPU
		{A4E95553-6F35-421C-865F-2CB0E86D8834}.Release|Any CPU.ActiveCfg = Release|Any CPU
		{A4E95553-6F35-421C-865F-2CB0E86D8834}.Release|Any CPU.Build.0 = Release|Any CPU
		{49A13502-FA0E-4AE7-95B4-65E7822045AD}.Debug|Any CPU.ActiveCfg = Debug|Any CPU
		{49A13502-FA0E-4AE7-95B4-65E7822045AD}.Debug|Any CPU.Build.0 = Debug|Any CPU
		{49A13502-FA0E-4AE7-95B4-65E7822045AD}.Release|Any CPU.ActiveCfg = Release|Any CPU
		{49A13502-FA0E-4AE7-95B4-65E7822045AD}.Release|Any CPU.Build.0 = Release|Any CPU
		{077AE97E-8FC6-43CC-866D-24203CDD2A3D}.Debug|Any CPU.ActiveCfg = Debug|Any CPU
		{077AE97E-8FC6-43CC-866D-24203CDD2A3D}.Debug|Any CPU.Build.0 = Debug|Any CPU
		{077AE97E-8FC6-43CC-866D-24203CDD2A3D}.Release|Any CPU.ActiveCfg = Release|Any CPU
		{077AE97E-8FC6-43CC-866D-24203CDD2A3D}.Release|Any CPU.Build.0 = Release|Any CPU
	EndGlobalSection
	GlobalSection(SolutionProperties) = preSolution
		HideSolutionNode = FALSE
	EndGlobalSection
	GlobalSection(ExtensibilityGlobals) = postSolution
		SolutionGuid = {0781B7B4-0BB5-4B40-9248-3292C2D7BA2E}
	EndGlobalSection
EndGlobal
